Microsoft Visual Studio Solution File, Format Version 11.00
# Visual Studio 2008

Project("{3C9E866A-260B-F6CC-23F0-158C4451F7C9}") = "gra1", "Assembly-CSharp-firstpass.csproj", "{D038B08B-6B96-620A-BF5C-CCE87DDC04D6}"
EndProject
Project("{3C9E866A-260B-F6CC-23F0-158C4451F7C9}") = "gra1", "Assembly-UnityScript-firstpass.unityproj", "{62AF243C-24AD-C164-4596-7F1A77FE8986}"
EndProject
Project("{3C9E866A-260B-F6CC-23F0-158C4451F7C9}") = "gra1", "Assembly-UnityScript.unityproj", "{B66D48E1-51E8-0635-A1BC-C61D6F0BE4DD}"
EndProject
Global
	GlobalSection(SolutionConfigurationPlatforms) = preSolution
		Debug|Any CPU = Debug|Any CPU
		Release|Any CPU = Release|Any CPU
	EndGlobalSection
	GlobalSection(ProjectConfigurationPlatforms) = postSolution
		{D038B08B-6B96-620A-BF5C-CCE87DDC04D6}.Debug|Any CPU.ActiveCfg = Debug|Any CPU
		{D038B08B-6B96-620A-BF5C-CCE87DDC04D6}.Debug|Any CPU.Build.0 = Debug|Any CPU
		{D038B08B-6B96-620A-BF5C-CCE87DDC04D6}.Release|Any CPU.ActiveCfg = Release|Any CPU
		{D038B08B-6B96-620A-BF5C-CCE87DDC04D6}.Release|Any CPU.Build.0 = Release|Any CPU
		{62AF243C-24AD-C164-4596-7F1A77FE8986}.Debug|Any CPU.ActiveCfg = Debug|Any CPU
		{62AF243C-24AD-C164-4596-7F1A77FE8986}.Debug|Any CPU.Build.0 = Debug|Any CPU
		{62AF243C-24AD-C164-4596-7F1A77FE8986}.Release|Any CPU.ActiveCfg = Release|Any CPU
		{62AF243C-24AD-C164-4596-7F1A77FE8986}.Release|Any CPU.Build.0 = Release|Any CPU
		{B66D48E1-51E8-0635-A1BC-C61D6F0BE4DD}.Debug|Any CPU.ActiveCfg = Debug|Any CPU
		{B66D48E1-51E8-0635-A1BC-C61D6F0BE4DD}.Debug|Any CPU.Build.0 = Debug|Any CPU
		{B66D48E1-51E8-0635-A1BC-C61D6F0BE4DD}.Release|Any CPU.ActiveCfg = Release|Any CPU
		{B66D48E1-51E8-0635-A1BC-C61D6F0BE4DD}.Release|Any CPU.Build.0 = Release|Any CPU
	EndGlobalSection
	GlobalSection(SolutionProperties) = preSolution
		HideSolutionNode = FALSE
	EndGlobalSection
					GlobalSection(MonoDevelopProperties) = preSolution
		StartupItem = Assembly-CSharp.csproj
		Policies = $0
		$0.TextStylePolicy = $1
		$1.inheritsSet = null
		$1.scope = text/x-csharp
		$0.CSharpFormattingPolicy = $2
		$2.inheritsSet = Mono
		$2.inheritsScope = text/x-csharp
		$2.scope = text/x-csharp
		$0.TextStylePolicy = $3
		$3.FileWidth = 120
		$3.TabWidth = 4
		$3.EolMarker = Unix
		$3.inheritsSet = Mono
		$3.inheritsScope = text/plain
		$3.scope = text/plain
	EndGlobalSection

EndGlobal
